// !$*UTF8*$!
{
	archiveVersion = 1;
	classes = {
	};
	objectVersion = 50;
	objects = {

/* Begin PBXBuildFile section */
		34266D71248A167000BFD8A0 /* AppDelegate.swift in Sources */ = {isa = PBXBuildFile; fileRef = 34266D70248A167000BFD8A0 /* AppDelegate.swift */; };
		34266D73248A167000BFD8A0 /* SceneDelegate.swift in Sources */ = {isa = PBXBuildFile; fileRef = 34266D72248A167000BFD8A0 /* SceneDelegate.swift */; };
		34266D75248A167000BFD8A0 /* ViewController.swift in Sources */ = {isa = PBXBuildFile; fileRef = 34266D74248A167000BFD8A0 /* ViewController.swift */; };
		34266D78248A167000BFD8A0 /* Main.storyboard in Resources */ = {isa = PBXBuildFile; fileRef = 34266D76248A167000BFD8A0 /* Main.storyboard */; };
		34266D7A248A167300BFD8A0 /* Assets.xcassets in Resources */ = {isa = PBXBuildFile; fileRef = 34266D79248A167300BFD8A0 /* Assets.xcassets */; };
		34266D7D248A167300BFD8A0 /* LaunchScreen.storyboard in Resources */ = {isa = PBXBuildFile; fileRef = 34266D7B248A167300BFD8A0 /* LaunchScreen.storyboard */; };
		34833BD9248BC1BC00E3AC96 /* Group.swift in Sources */ = {isa = PBXBuildFile; fileRef = 34833BD8248BC1BC00E3AC96 /* Group.swift */; };
		34833BDB248BC1C700E3AC96 /* Alarm.swift in Sources */ = {isa = PBXBuildFile; fileRef = 34833BDA248BC1C700E3AC96 /* Alarm.swift */; };
		34A0D5F7248E804700314E03 /* Helper.swift in Sources */ = {isa = PBXBuildFile; fileRef = 34A0D5F6248E804700314E03 /* Helper.swift */; };
		34B96BA7248A7F96002B69B7 /* GroupViewController.swift in Sources */ = {isa = PBXBuildFile; fileRef = 34B96BA6248A7F96002B69B7 /* GroupViewController.swift */; };
		34B96BA9248A7FB2002B69B7 /* AlarmViewController.swift in Sources */ = {isa = PBXBuildFile; fileRef = 34B96BA8248A7FB2002B69B7 /* AlarmViewController.swift */; };
/* End PBXBuildFile section */

/* Begin PBXFileReference section */
		34266D6D248A167000BFD8A0 /* Alarmdillo.app */ = {isa = PBXFileReference; explicitFileType = wrapper.application; includeInIndex = 0; path = Alarmdillo.app; sourceTree = BUILT_PRODUCTS_DIR; };
		34266D70248A167000BFD8A0 /* AppDelegate.swift */ = {isa = PBXFileReference; lastKnownFileType = sourcecode.swift; path = AppDelegate.swift; sourceTree = "<group>"; };
		34266D72248A167000BFD8A0 /* SceneDelegate.swift */ = {isa = PBXFileReference; lastKnownFileType = sourcecode.swift; path = SceneDelegate.swift; sourceTree = "<group>"; };
		34266D74248A167000BFD8A0 /* ViewController.swift */ = {isa = PBXFileReference; lastKnownFileType = sourcecode.swift; path = ViewController.swift; sourceTree = "<group>"; };
		34266D77248A167000BFD8A0 /* Base */ = {isa = PBXFileReference; lastKnownFileType = file.storyboard; name = Base; path = Base.lproj/Main.storyboard; sourceTree = "<group>"; };
		34266D79248A167300BFD8A0 /* Assets.xcassets */ = {isa = PBXFileReference; lastKnownFileType = folder.assetcatalog; path = Assets.xcassets; sourceTree = "<group>"; };
		34266D7C248A167300BFD8A0 /* Base */ = {isa = PBXFileReference; lastKnownFileType = file.storyboard; name = Base; path = Base.lproj/LaunchScreen.storyboard; sourceTree = "<group>"; };
		34266D7E248A167300BFD8A0 /* Info.plist */ = {isa = PBXFileReference; lastKnownFileType = text.plist.xml; path = Info.plist; sourceTree = "<group>"; };
		34833BD8248BC1BC00E3AC96 /* Group.swift */ = {isa = PBXFileReference; lastKnownFileType = sourcecode.swift; path = Group.swift; sourceTree = "<group>"; };
		34833BDA248BC1C700E3AC96 /* Alarm.swift */ = {isa = PBXFileReference; lastKnownFileType = sourcecode.swift; path = Alarm.swift; sourceTree = "<group>"; };
		34A0D5F6248E804700314E03 /* Helper.swift */ = {isa = PBXFileReference; lastKnownFileType = sourcecode.swift; path = Helper.swift; sourceTree = "<group>"; };
		34B96BA6248A7F96002B69B7 /* GroupViewController.swift */ = {isa = PBXFileReference; lastKnownFileType = sourcecode.swift; path = GroupViewController.swift; sourceTree = "<group>"; };
		34B96BA8248A7FB2002B69B7 /* AlarmViewController.swift */ = {isa = PBXFileReference; lastKnownFileType = sourcecode.swift; path = AlarmViewController.swift; sourceTree = "<group>"; };
/* End PBXFileReference section */

/* Begin PBXFrameworksBuildPhase section */
		34266D6A248A167000BFD8A0 /* Frameworks */ = {
			isa = PBXFrameworksBuildPhase;
			buildActionMask = 2147483647;
			files = (
			);
			runOnlyForDeploymentPostprocessing = 0;
		};
/* End PBXFrameworksBuildPhase section */

/* Begin PBXGroup section */
		34266D64248A167000BFD8A0 = {
			isa = PBXGroup;
			children = (
				34266D6F248A167000BFD8A0 /* Alarmdillo */,
				34266D6E248A167000BFD8A0 /* Products */,
			);
			sourceTree = "<group>";
		};
		34266D6E248A167000BFD8A0 /* Products */ = {
			isa = PBXGroup;
			children = (
				34266D6D248A167000BFD8A0 /* Alarmdillo.app */,
			);
			name = Products;
			sourceTree = "<group>";
		};
		34266D6F248A167000BFD8A0 /* Alarmdillo */ = {
			isa = PBXGroup;
			children = (
				34266D70248A167000BFD8A0 /* AppDelegate.swift */,
				34266D72248A167000BFD8A0 /* SceneDelegate.swift */,
				34833BD7248BC19300E3AC96 /* Model */,
				34833BD6248BC17300E3AC96 /* Controllers */,
				34266D76248A167000BFD8A0 /* Main.storyboard */,
				34266D79248A167300BFD8A0 /* Assets.xcassets */,
				34266D7B248A167300BFD8A0 /* LaunchScreen.storyboard */,
				34266D7E248A167300BFD8A0 /* Info.plist */,
				34A0D5F6248E804700314E03 /* Helper.swift */,
			);
			path = Alarmdillo;
			sourceTree = "<group>";
		};
		34833BD6248BC17300E3AC96 /* Controllers */ = {
			isa = PBXGroup;
			children = (
				34B96BA8248A7FB2002B69B7 /* AlarmViewController.swift */,
				34B96BA6248A7F96002B69B7 /* GroupViewController.swift */,
				34266D74248A167000BFD8A0 /* ViewController.swift */,
			);
			path = Controllers;
			sourceTree = "<group>";
		};
		34833BD7248BC19300E3AC96 /* Model */ = {
			isa = PBXGroup;
			children = (
				34833BD8248BC1BC00E3AC96 /* Group.swift */,
				34833BDA248BC1C700E3AC96 /* Alarm.swift */,
			);
			path = Model;
			sourceTree = "<group>";
		};
/* End PBXGroup section */

/* Begin PBXNativeTarget section */
		34266D6C248A167000BFD8A0 /* Alarmdillo */ = {
			isa = PBXNativeTarget;
			buildConfigurationList = 34266D81248A167300BFD8A0 /* Build configuration list for PBXNativeTarget "Alarmdillo" */;
			buildPhases = (
				34266D69248A167000BFD8A0 /* Sources */,
				34266D6A248A167000BFD8A0 /* Frameworks */,
				34266D6B248A167000BFD8A0 /* Resources */,
			);
			buildRules = (
			);
			dependencies = (
			);
			name = Alarmdillo;
			productName = Alarmdillo;
			productReference = 34266D6D248A167000BFD8A0 /* Alarmdillo.app */;
			productType = "com.apple.product-type.application";
		};
/* End PBXNativeTarget section */

/* Begin PBXProject section */
		34266D65248A167000BFD8A0 /* Project object */ = {
			isa = PBXProject;
			attributes = {
				LastSwiftUpdateCheck = 1130;
				LastUpgradeCheck = 1130;
				ORGANIZATIONNAME = NT;
				TargetAttributes = {
					34266D6C248A167000BFD8A0 = {
						CreatedOnToolsVersion = 11.3;
					};
				};
			};
			buildConfigurationList = 34266D68248A167000BFD8A0 /* Build configuration list for PBXProject "Alarmdillo" */;
			compatibilityVersion = "Xcode 9.3";
			developmentRegion = en;
			hasScannedForEncodings = 0;
			knownRegions = (
				en,
				Base,
			);
			mainGroup = 34266D64248A167000BFD8A0;
			productRefGroup = 34266D6E248A167000BFD8A0 /* Products */;
			projectDirPath = "";
			projectRoot = "";
			targets = (
				34266D6C248A167000BFD8A0 /* Alarmdillo */,
			);
		};
/* End PBXProject section */

/* Begin PBXResourcesBuildPhase section */
		34266D6B248A167000BFD8A0 /* Resources */ = {
			isa = PBXResourcesBuildPhase;
			buildActionMask = 2147483647;
			files = (
				34266D7D248A167300BFD8A0 /* LaunchScreen.storyboard in Resources */,
				34266D7A248A167300BFD8A0 /* Assets.xcassets in Resources */,
				34266D78248A167000BFD8A0 /* Main.storyboard in Resources */,
			);
			runOnlyForDeploymentPostprocessing = 0;
		};
/* End PBXResourcesBuildPhase section */

/* Begin PBXSourcesBuildPhase section */
		34266D69248A167000BFD8A0 /* Sources */ = {
			isa = PBXSourcesBuildPhase;
			buildActionMask = 2147483647;
			files = (
				34B96BA9248A7FB2002B69B7 /* AlarmViewController.swift in Sources */,
				34B96BA7248A7F96002B69B7 /* GroupViewController.swift in Sources */,
				34266D75248A167000BFD8A0 /* ViewController.swift in Sources */,
				34833BD9248BC1BC00E3AC96 /* Group.swift in Sources */,
				34266D71248A167000BFD8A0 /* AppDelegate.swift in Sources */,
				34833BDB248BC1C700E3AC96 /* Alarm.swift in Sources */,
				34266D73248A167000BFD8A0 /* SceneDelegate.swift in Sources */,
				34A0D5F7248E804700314E03 /* Helper.swift in Sources */,
			);
			runOnlyForDeploymentPostprocessing = 0;
		};
/* End PBXSourcesBuildPhase section */

/* Begin PBXVariantGroup section */
		34266D76248A167000BFD8A0 /* Main.storyboard */ = {
			isa = PBXVariantGroup;
			children = (
				34266D77248A167000BFD8A0 /* Base */,
			);
			name = Main.storyboard;
			sourceTree = "<group>";
		};
		34266D7B248A167300BFD8A0 /* LaunchScreen.storyboard */ = {
			isa = PBXVariantGroup;
			children = (
				34266D7C248A167300BFD8A0 /* Base */,
			);
			name = LaunchScreen.storyboard;
			sourceTree = "<group>";
		};
/* End PBXVariantGroup section */

/* Begin XCBuildConfiguration section */
		34266D7F248A167300BFD8A0 /* Debug */ = {
			isa = XCBuildConfiguration;
			buildSettings = {
				ALWAYS_SEARCH_USER_PATHS = NO;
				CLANG_ANALYZER_NONNULL = YES;
				CLANG_ANALYZER_NUMBER_OBJECT_CONVERSION = YES_AGGRESSIVE;
				CLANG_CXX_LANGUAGE_STANDARD = "gnu++14";
				CLANG_CXX_LIBRARY = "libc++";
				CLANG_ENABLE_MODULES = YES;
				CLANG_ENABLE_OBJC_ARC = YES;
				CLANG_ENABLE_OBJC_WEAK = YES;
				CLANG_WARN_BLOCK_CAPTURE_AUTORELEASING = YES;
				CLANG_WARN_BOOL_CONVERSION = YES;
				CLANG_WARN_COMMA = YES;
				CLANG_WARN_CONSTANT_CONVERSION = YES;
				CLANG_WARN_DEPRECATED_OBJC_IMPLEMENTATIONS = YES;
				CLANG_WARN_DIRECT_OBJC_ISA_USAGE = YES_ERROR;
				CLANG_WARN_DOCUMENTATION_COMMENTS = YES;
				CLANG_WARN_EMPTY_BODY = YES;
				CLANG_WARN_ENUM_CONVERSION = YES;
				CLANG_WARN_INFINITE_RECURSION = YES;
				CLANG_WARN_INT_CONVERSION = YES;
				CLANG_WARN_NON_LITERAL_NULL_CONVERSION = YES;
				CLANG_WARN_OBJC_IMPLICIT_RETAIN_SELF = YES;
				CLANG_WARN_OBJC_LITERAL_CONVERSION = YES;
				CLANG_WARN_OBJC_ROOT_CLASS = YES_ERROR;
				CLANG_WARN_RANGE_LOOP_ANALYSIS = YES;
				CLANG_WARN_STRICT_PROTOTYPES = YES;
				CLANG_WARN_SUSPICIOUS_MOVE = YES;
				CLANG_WARN_UNGUARDED_AVAILABILITY = YES_AGGRESSIVE;
				CLANG_WARN_UNREACHABLE_CODE = YES;
				CLANG_WARN__DUPLICATE_METHOD_MATCH = YES;
				COPY_PHASE_STRIP = NO;
				DEBUG_INFORMATION_FORMAT = dwarf;
				ENABLE_STRICT_OBJC_MSGSEND = YES;
				ENABLE_TESTABILITY = YES;
				GCC_C_LANGUAGE_STANDARD = gnu11;
				GCC_DYNAMIC_NO_PIC = NO;
				GCC_NO_COMMON_BLOCKS = YES;
				GCC_OPTIMIZATION_LEVEL = 0;
				GCC_PREPROCESSOR_DEFINITIONS = (
					"DEBUG=1",
					"$(inherited)",
				);
				GCC_WARN_64_TO_32_BIT_CONVERSION = YES;
				GCC_WARN_ABOUT_RETURN_TYPE = YES_ERROR;
				GCC_WARN_UNDECLARED_SELECTOR = YES;
				GCC_WARN_UNINITIALIZED_AUTOS = YES_AGGRESSIVE;
				GCC_WARN_UNUSED_FUNCTION = YES;
				GCC_WARN_UNUSED_VARIABLE = YES;
				IPHONEOS_DEPLOYMENT_TARGET = 13.2;
				MTL_ENABLE_DEBUG_INFO = INCLUDE_SOURCE;
				MTL_FAST_MATH = YES;
				ONLY_ACTIVE_ARCH = YES;
				SDKROOT = iphoneos;
				SWIFT_ACTIVE_COMPILATION_CONDITIONS = DEBUG;
				SWIFT_OPTIMIZATION_LEVEL = "-Onone";
			};
			name = Debug;
		};
		34266D80248A167300BFD8A0 /* Release */ = {
			isa = XCBuildConfiguration;
			buildSettings = {
				ALWAYS_SEARCH_USER_PATHS = NO;
				CLANG_ANALYZER_NONNULL = YES;
				CLANG_ANALYZER_NUMBER_OBJECT_CONVERSION = YES_AGGRESSIVE;
				CLANG_CXX_LANGUAGE_STANDARD = "gnu++14";
				CLANG_CXX_LIBRARY = "libc++";
				CLANG_ENABLE_MODULES = YES;
				CLANG_ENABLE_OBJC_ARC = YES;
				CLANG_ENABLE_OBJC_WEAK = YES;
				CLANG_WARN_BLOCK_CAPTURE_AUTORELEASING = YES;
				CLANG_WARN_BOOL_CONVERSION = YES;
				CLANG_WARN_COMMA = YES;
				CLANG_WARN_CONSTANT_CONVERSION = YES;
				CLANG_WARN_DEPRECATED_OBJC_IMPLEMENTATIONS = YES;
				CLANG_WARN_DIRECT_OBJC_ISA_USAGE = YES_ERROR;
				CLANG_WARN_DOCUMENTATION_COMMENTS = YES;
				CLANG_WARN_EMPTY_BODY = YES;
				CLANG_WARN_ENUM_CONVERSION = YES;
				CLANG_WARN_INFINITE_RECURSION = YES;
				CLANG_WARN_INT_CONVERSION = YES;
				CLANG_WARN_NON_LITERAL_NULL_CONVERSION = YES;
				CLANG_WARN_OBJC_IMPLICIT_RETAIN_SELF = YES;
				CLANG_WARN_OBJC_LITERAL_CONVERSION = YES;
				CLANG_WARN_OBJC_ROOT_CLASS = YES_ERROR;
				CLANG_WARN_RANGE_LOOP_ANALYSIS = YES;
				CLANG_WARN_STRICT_PROTOTYPES = YES;
				CLANG_WARN_SUSPICIOUS_MOVE = YES;
				CLANG_WARN_UNGUARDED_AVAILABILITY = YES_AGGRESSIVE;
				CLANG_WARN_UNREACHABLE_CODE = YES;
				CLANG_WARN__DUPLICATE_METHOD_MATCH = YES;
				COPY_PHASE_STRIP = NO;
				DEBUG_INFORMATION_FORMAT = "dwarf-with-dsym";
				ENABLE_NS_ASSERTIONS = NO;
				ENABLE_STRICT_OBJC_MSGSEND = YES;
				GCC_C_LANGUAGE_STANDARD = gnu11;
				GCC_NO_COMMON_BLOCKS = YES;
				GCC_WARN_64_TO_32_BIT_CONVERSION = YES;
				GCC_WARN_ABOUT_RETURN_TYPE = YES_ERROR;
				GCC_WARN_UNDECLARED_SELECTOR = YES;
				GCC_WARN_UNINITIALIZED_AUTOS = YES_AGGRESSIVE;
				GCC_WARN_UNUSED_FUNCTION = YES;
				GCC_WARN_UNUSED_VARIABLE = YES;
				IPHONEOS_DEPLOYMENT_TARGET = 13.2;
				MTL_ENABLE_DEBUG_INFO = NO;
				MTL_FAST_MATH = YES;
				SDKROOT = iphoneos;
				SWIFT_COMPILATION_MODE = wholemodule;
				SWIFT_OPTIMIZATION_LEVEL = "-O";
				VALIDATE_PRODUCT = YES;
			};
			name = Release;
		};
		34266D82248A167300BFD8A0 /* Debug */ = {
			isa = XCBuildConfiguration;
			buildSettings = {
				ASSETCATALOG_COMPILER_APPICON_NAME = AppIcon;
				CODE_SIGN_STYLE = Automatic;
				DEVELOPMENT_TEAM = N38EC3HSGY;
				INFOPLIST_FILE = Alarmdillo/Info.plist;
				LD_RUNPATH_SEARCH_PATHS = (
					"$(inherited)",
					"@executable_path/Frameworks",
				);
				PRODUCT_BUNDLE_IDENTIFIER = com.nirajtiwari.Alarmdillo;
				PRODUCT_NAME = "$(TARGET_NAME)";
				SWIFT_VERSION = 5.0;
				TARGETED_DEVICE_FAMILY = "1,2";
			};
			name = Debug;
		};
		34266D83248A167300BFD8A0 /* Release */ = {
			isa = XCBuildConfiguration;
			buildSettings = {
				ASSETCATALOG_COMPILER_APPICON_NAME = AppIcon;
				CODE_SIGN_STYLE = Automatic;
				DEVELOPMENT_TEAM = N38EC3HSGY;
				INFOPLIST_FILE = Alarmdillo/Info.plist;
				LD_RUNPATH_SEARCH_PATHS = (
					"$(inherited)",
					"@executable_path/Frameworks",
				);
				PRODUCT_BUNDLE_IDENTIFIER = com.nirajtiwari.Alarmdillo;
				PRODUCT_NAME = "$(TARGET_NAME)";
				SWIFT_VERSION = 5.0;
				TARGETED_DEVICE_FAMILY = "1,2";
			};
			name = Release;
		};
/* End XCBuildConfiguration section */

/* Begin XCConfigurationList section */
		34266D68248A167000BFD8A0 /* Build configuration list for PBXProject "Alarmdillo" */ = {
			isa = XCConfigurationList;
			buildConfigurations = (
				34266D7F248A167300BFD8A0 /* Debug */,
				34266D80248A167300BFD8A0 /* Release */,
			);
			defaultConfigurationIsVisible = 0;
			defaultConfigurationName = Release;
		};
		34266D81248A167300BFD8A0 /* Build configuration list for PBXNativeTarget "Alarmdillo" */ = {
			isa = XCConfigurationList;
			buildConfigurations = (
				34266D82248A167300BFD8A0 /* Debug */,
				34266D83248A167300BFD8A0 /* Release */,
			);
			defaultConfigurationIsVisible = 0;
			defaultConfigurationName = Release;
		};
/* End XCConfigurationList section */
	};
	rootObject = 34266D65248A167000BFD8A0 /* Project object */;
}
